
Microsoft Visual Studio Solution File, Format Version 12.00
# Visual Studio Version 16
VisualStudioVersion = 16.0.32106.194
MinimumVisualStudioVersion = 10.0.40219.1
Project("{FAE04EC0-301F-11D3-BF4B-00C04F79EFBC}") = "CabinetModeDeconnect", "CabinetModeDeconnect\CabinetModeDeconnect.csproj", "{437364CB-7462-4A73-93E3-B989A7B1B158}"
EndProject
Global
	GlobalSection(SolutionConfigurationPlatforms) = preSolution
		Debug|Any CPU = Debug|Any CPU
		Release|Any CPU = Release|Any CPU
	EndGlobalSection
	GlobalSection(ProjectConfigurationPlatforms) = postSolution
		{437364CB-7462-4A73-93E3-B989A7B1B158}.Debug|Any CPU.ActiveCfg = Debug|Any CPU
		{437364CB-7462-4A73-93E3-B989A7B1B158}.Debug|Any CPU.Build.0 = Debug|Any CPU
		{437364CB-7462-4A73-93E3-B989A7B1B158}.Release|Any CPU.ActiveCfg = Release|Any CPU
		{437364CB-7462-4A73-93E3-B989A7B1B158}.Release|Any CPU.Build.0 = Release|Any CPU
	EndGlobalSection
	GlobalSection(SolutionProperties) = preSolution
		HideSolutionNode = FALSE
	EndGlobalSection
	GlobalSection(ExtensibilityGlobals) = postSolution
		SolutionGuid = {FD01EF2E-8EB1-492B-9EA0-ADB172512F72}
	EndGlobalSection
EndGlobal
